
Microsoft Visual Studio Solution File, Format Version 12.00
# Visual Studio 15
VisualStudioVersion = 15.0.26430.12
MinimumVisualStudioVersion = 10.0.40219.1
Project("{FAE04EC0-301F-11D3-BF4B-00C04F79EFBC}") = "NlsShop.Common", "NlsShop.Common\NlsShop.Common.csproj", "{AC77A68A-A139-4EBE-A6B1-B880F9F39FB1}"
EndProject
Project("{FAE04EC0-301F-11D3-BF4B-00C04F79EFBC}") = "NlsShop.Data", "NlsShop.Data\NlsShop.Data.csproj", "{E1719E7E-CF8F-42A1-823B-1295EE091F59}"
EndProject
Project("{FAE04EC0-301F-11D3-BF4B-00C04F79EFBC}") = "NlsShop.Model", "NlsShop.Model\NlsShop.Model.csproj", "{43C9BF53-6C0F-492E-A902-B20F6A660E04}"
EndProject
Project("{FAE04EC0-301F-11D3-BF4B-00C04F79EFBC}") = "NlsShop.Service", "NlsShop.Service\NlsShop.Service.csproj", "{1BCCCA97-A3FD-4080-BD17-1E5E2FADBF39}"
EndProject
Project("{FAE04EC0-301F-11D3-BF4B-00C04F79EFBC}") = "NlsShop.UnitTest", "NlsShop.UnitTest\NlsShop.UnitTest.csproj", "{07239065-C2DC-43BC-8FCC-8A7CE97E03A1}"
EndProject
Project("{FAE04EC0-301F-11D3-BF4B-00C04F79EFBC}") = "NlsShop.Web", "NlsShop.Web\NlsShop.Web.csproj", "{6A0524E2-C3AF-420E-88CA-9CB3B0E3EBDE}"
EndProject
Global
	GlobalSection(SolutionConfigurationPlatforms) = preSolution
		Debug|Any CPU = Debug|Any CPU
		Release|Any CPU = Release|Any CPU
	EndGlobalSection
	GlobalSection(ProjectConfigurationPlatforms) = postSolution
		{AC77A68A-A139-4EBE-A6B1-B880F9F39FB1}.Debug|Any CPU.ActiveCfg = Debug|Any CPU
		{AC77A68A-A139-4EBE-A6B1-B880F9F39FB1}.Debug|Any CPU.Build.0 = Debug|Any CPU
		{AC77A68A-A139-4EBE-A6B1-B880F9F39FB1}.Release|Any CPU.ActiveCfg = Release|Any CPU
		{AC77A68A-A139-4EBE-A6B1-B880F9F39FB1}.Release|Any CPU.Build.0 = Release|Any CPU
		{E1719E7E-CF8F-42A1-823B-1295EE091F59}.Debug|Any CPU.ActiveCfg = Debug|Any CPU
		{E1719E7E-CF8F-42A1-823B-1295EE091F59}.Debug|Any CPU.Build.0 = Debug|Any CPU
		{E1719E7E-CF8F-42A1-823B-1295EE091F59}.Release|Any CPU.ActiveCfg = Release|Any CPU
		{E1719E7E-CF8F-42A1-823B-1295EE091F59}.Release|Any CPU.Build.0 = Release|Any CPU
		{43C9BF53-6C0F-492E-A902-B20F6A660E04}.Debug|Any CPU.ActiveCfg = Debug|Any CPU
		{43C9BF53-6C0F-492E-A902-B20F6A660E04}.Debug|Any CPU.Build.0 = Debug|Any CPU
		{43C9BF53-6C0F-492E-A902-B20F6A660E04}.Release|Any CPU.ActiveCfg = Release|Any CPU
		{43C9BF53-6C0F-492E-A902-B20F6A660E04}.Release|Any CPU.Build.0 = Release|Any CPU
		{1BCCCA97-A3FD-4080-BD17-1E5E2FADBF39}.Debug|Any CPU.ActiveCfg = Debug|Any CPU
		{1BCCCA97-A3FD-4080-BD17-1E5E2FADBF39}.Debug|Any CPU.Build.0 = Debug|Any CPU
		{1BCCCA97-A3FD-4080-BD17-1E5E2FADBF39}.Release|Any CPU.ActiveCfg = Release|Any CPU
		{1BCCCA97-A3FD-4080-BD17-1E5E2FADBF39}.Release|Any CPU.Build.0 = Release|Any CPU
		{07239065-C2DC-43BC-8FCC-8A7CE97E03A1}.Debug|Any CPU.ActiveCfg = Debug|Any CPU
		{07239065-C2DC-43BC-8FCC-8A7CE97E03A1}.Debug|Any CPU.Build.0 = Debug|Any CPU
		{07239065-C2DC-43BC-8FCC-8A7CE97E03A1}.Release|Any CPU.ActiveCfg = Release|Any CPU
		{07239065-C2DC-43BC-8FCC-8A7CE97E03A1}.Release|Any CPU.Build.0 = Release|Any CPU
		{6A0524E2-C3AF-420E-88CA-9CB3B0E3EBDE}.Debug|Any CPU.ActiveCfg = Debug|Any CPU
		{6A0524E2-C3AF-420E-88CA-9CB3B0E3EBDE}.Debug|Any CPU.Build.0 = Debug|Any CPU
		{6A0524E2-C3AF-420E-88CA-9CB3B0E3EBDE}.Release|Any CPU.ActiveCfg = Release|Any CPU
		{6A0524E2-C3AF-420E-88CA-9CB3B0E3EBDE}.Release|Any CPU.Build.0 = Release|Any CPU
	EndGlobalSection
	GlobalSection(SolutionProperties) = preSolution
		HideSolutionNode = FALSE
	EndGlobalSection
EndGlobal
